
Microsoft Visual Studio Solution File, Format Version 12.00
# Visual Studio 15
VisualStudioVersion = 15.0.27130.2026
MinimumVisualStudioVersion = 10.0.40219.1
Project("{9A19103F-16F7-4668-BE54-9A1E7A4F7556}") = "ApiApp", "ApiApp\ApiApp.csproj", "{18F29854-438E-4656-A765-708BFDE5EC4E}"
EndProject
Project("{2150E333-8FDC-42A3-9474-1A3956D46DE8}") = "Solution Items", "Solution Items", "{6ACE8C7A-9664-40D1-A723-E2159E9963F6}"
	ProjectSection(SolutionItems) = preProject
		Readme.md = Readme.md
	EndProjectSection
EndProject
Global
	GlobalSection(SolutionConfigurationPlatforms) = preSolution
		Debug|Any CPU = Debug|Any CPU
		Release|Any CPU = Release|Any CPU
	EndGlobalSection
	GlobalSection(ProjectConfigurationPlatforms) = postSolution
		{18F29854-438E-4656-A765-708BFDE5EC4E}.Debug|Any CPU.ActiveCfg = Debug|Any CPU
		{18F29854-438E-4656-A765-708BFDE5EC4E}.Debug|Any CPU.Build.0 = Debug|Any CPU
		{18F29854-438E-4656-A765-708BFDE5EC4E}.Release|Any CPU.ActiveCfg = Release|Any CPU
		{18F29854-438E-4656-A765-708BFDE5EC4E}.Release|Any CPU.Build.0 = Release|Any CPU
	EndGlobalSection
	GlobalSection(SolutionProperties) = preSolution
		HideSolutionNode = FALSE
	EndGlobalSection
	GlobalSection(ExtensibilityGlobals) = postSolution
		SolutionGuid = {2DFE74FF-560F-4C56-8598-60BA23EE52C8}
	EndGlobalSection
EndGlobal
